
Microsoft Visual Studio Solution File, Format Version 12.00
# Visual Studio Version 16
VisualStudioVersion = 16.0.31410.357
MinimumVisualStudioVersion = 10.0.40219.1
Project("{FAE04EC0-301F-11D3-BF4B-00C04F79EFBC}") = "Q8", "Q8\Q8.csproj", "{B781F979-1FC9-4251-9F7E-6330AB7E1A7F}"
EndProject
Global
	GlobalSection(SolutionConfigurationPlatforms) = preSolution
		Debug|Any CPU = Debug|Any CPU
		Release|Any CPU = Release|Any CPU
	EndGlobalSection
	GlobalSection(ProjectConfigurationPlatforms) = postSolution
		{B781F979-1FC9-4251-9F7E-6330AB7E1A7F}.Debug|Any CPU.ActiveCfg = Debug|Any CPU
		{B781F979-1FC9-4251-9F7E-6330AB7E1A7F}.Debug|Any CPU.Build.0 = Debug|Any CPU
		{B781F979-1FC9-4251-9F7E-6330AB7E1A7F}.Release|Any CPU.ActiveCfg = Release|Any CPU
		{B781F979-1FC9-4251-9F7E-6330AB7E1A7F}.Release|Any CPU.Build.0 = Release|Any CPU
	EndGlobalSection
	GlobalSection(SolutionProperties) = preSolution
		HideSolutionNode = FALSE
	EndGlobalSection
	GlobalSection(ExtensibilityGlobals) = postSolution
		SolutionGuid = {A558B44D-02BD-4795-BDE2-C8C48B709A11}
	EndGlobalSection
EndGlobal
